
Microsoft Visual Studio Solution File, Format Version 12.00
# Visual Studio Version 16
VisualStudioVersion = 16.0.31402.337
MinimumVisualStudioVersion = 10.0.40219.1
Project("{FAE04EC0-301F-11D3-BF4B-00C04F79EFBC}") = "MihProject", "MihProject\MihProject.csproj", "{C7FE2ADC-B11B-42FD-ABD3-30B3A3949105}"
EndProject
Global
	GlobalSection(SolutionConfigurationPlatforms) = preSolution
		Debug|Any CPU = Debug|Any CPU
		Release|Any CPU = Release|Any CPU
	EndGlobalSection
	GlobalSection(ProjectConfigurationPlatforms) = postSolution
		{C7FE2ADC-B11B-42FD-ABD3-30B3A3949105}.Debug|Any CPU.ActiveCfg = Debug|Any CPU
		{C7FE2ADC-B11B-42FD-ABD3-30B3A3949105}.Debug|Any CPU.Build.0 = Debug|Any CPU
		{C7FE2ADC-B11B-42FD-ABD3-30B3A3949105}.Release|Any CPU.ActiveCfg = Release|Any CPU
		{C7FE2ADC-B11B-42FD-ABD3-30B3A3949105}.Release|Any CPU.Build.0 = Release|Any CPU
	EndGlobalSection
	GlobalSection(SolutionProperties) = preSolution
		HideSolutionNode = FALSE
	EndGlobalSection
	GlobalSection(ExtensibilityGlobals) = postSolution
		SolutionGuid = {B199E4E1-EEB9-4826-A07F-A7171ABD4AA7}
	EndGlobalSection
EndGlobal
